{
  "originHash" : "0fc0fe80fc395f14aa4ddda3297df16c2c1e47ebe267bba381618ebb548eb7c7",
  "pins" : [
    {
      "identity" : "carplatesscanner",
      "kind" : "remoteSourceControl",
      "location" : "https://github.com/Shoxrux715/CarPlatesScanner",
      "state" : {
        "branch" : "main",
        "revision" : "a69bace637528b3a7dca1e110686d0369aa9a482"
      }
    }
  ],
  "version" : 3
}
