{
  "originHash" : "0fc0fe80fc395f14aa4ddda3297df16c2c1e47ebe267bba381618ebb548eb7c7",
  "pins" : [
    {
      "identity" : "carplatesscanner",
      "kind" : "remoteSourceControl",
      "location" : "https://github.com/Shoxrux715/CarPlatesScanner",
      "state" : {
        "branch" : "main",
        "revision" : "b4cfe2f6d9fc1bb966185cb58e8c8dc7f8a4fb21"
      }
    }
  ],
  "version" : 3
}
