{
  "originHash" : "0fc0fe80fc395f14aa4ddda3297df16c2c1e47ebe267bba381618ebb548eb7c7",
  "pins" : [
    {
      "identity" : "carplatesscanner",
      "kind" : "remoteSourceControl",
      "location" : "https://github.com/Shoxrux715/CarPlatesScanner",
      "state" : {
        "branch" : "main",
        "revision" : "222e0c60e8a4f2864b57d1a5198c1c7f4558a86a"
      }
    }
  ],
  "version" : 3
}
